
Microsoft Visual Studio Solution File, Format Version 12.00
# Visual Studio Version 17
VisualStudioVersion = 17.8.34525.116
MinimumVisualStudioVersion = 10.0.40219.1
Project("{9A19103F-16F7-4668-BE54-9A1E7A4F7556}") = "DeskReservationAPI", "DeskReservationAPI\DeskReservationAPI.csproj", "{EDC478EB-BB75-41A0-90D6-0CBA72FA57E2}"
EndProject
Project("{9A19103F-16F7-4668-BE54-9A1E7A4F7556}") = "DeskReservationAPITest", "DeskReservationAPITest\DeskReservationAPITest.csproj", "{FB889E3F-4B64-47FE-8CB6-94C2C2DB1AEC}"
EndProject
Global
	GlobalSection(SolutionConfigurationPlatforms) = preSolution
		Debug|Any CPU = Debug|Any CPU
		Release|Any CPU = Release|Any CPU
	EndGlobalSection
	GlobalSection(ProjectConfigurationPlatforms) = postSolution
		{EDC478EB-BB75-41A0-90D6-0CBA72FA57E2}.Debug|Any CPU.ActiveCfg = Debug|Any CPU
		{EDC478EB-BB75-41A0-90D6-0CBA72FA57E2}.Debug|Any CPU.Build.0 = Debug|Any CPU
		{EDC478EB-BB75-41A0-90D6-0CBA72FA57E2}.Release|Any CPU.ActiveCfg = Release|Any CPU
		{EDC478EB-BB75-41A0-90D6-0CBA72FA57E2}.Release|Any CPU.Build.0 = Release|Any CPU
		{FB889E3F-4B64-47FE-8CB6-94C2C2DB1AEC}.Debug|Any CPU.ActiveCfg = Debug|Any CPU
		{FB889E3F-4B64-47FE-8CB6-94C2C2DB1AEC}.Debug|Any CPU.Build.0 = Debug|Any CPU
		{FB889E3F-4B64-47FE-8CB6-94C2C2DB1AEC}.Release|Any CPU.ActiveCfg = Release|Any CPU
		{FB889E3F-4B64-47FE-8CB6-94C2C2DB1AEC}.Release|Any CPU.Build.0 = Release|Any CPU
	EndGlobalSection
	GlobalSection(SolutionProperties) = preSolution
		HideSolutionNode = FALSE
	EndGlobalSection
	GlobalSection(ExtensibilityGlobals) = postSolution
		SolutionGuid = {268BC538-F85A-471D-A770-1A7B77E2228A}
	EndGlobalSection
EndGlobal
